
Microsoft Visual Studio Solution File, Format Version 12.00
# Visual Studio Version 17
VisualStudioVersion = 17.7.34031.279
MinimumVisualStudioVersion = 10.0.40219.1
Project("{FAE04EC0-301F-11D3-BF4B-00C04F79EFBC}") = "BarberAppointmentSYS", "BarberAppointmentSYS\BarberAppointmentSYS.csproj", "{5F314127-7DEB-4EEA-BC1F-7B883ED7EF70}"
EndProject
Global
	GlobalSection(SolutionConfigurationPlatforms) = preSolution
		Debug|Any CPU = Debug|Any CPU
		Release|Any CPU = Release|Any CPU
	EndGlobalSection
	GlobalSection(ProjectConfigurationPlatforms) = postSolution
		{5F314127-7DEB-4EEA-BC1F-7B883ED7EF70}.Debug|Any CPU.ActiveCfg = Debug|Any CPU
		{5F314127-7DEB-4EEA-BC1F-7B883ED7EF70}.Debug|Any CPU.Build.0 = Debug|Any CPU
		{5F314127-7DEB-4EEA-BC1F-7B883ED7EF70}.Release|Any CPU.ActiveCfg = Release|Any CPU
		{5F314127-7DEB-4EEA-BC1F-7B883ED7EF70}.Release|Any CPU.Build.0 = Release|Any CPU
	EndGlobalSection
	GlobalSection(SolutionProperties) = preSolution
		HideSolutionNode = FALSE
	EndGlobalSection
	GlobalSection(ExtensibilityGlobals) = postSolution
		SolutionGuid = {E3584CF2-C812-494B-8E90-C4D4E570247A}
	EndGlobalSection
EndGlobal
